
Microsoft Visual Studio Solution File, Format Version 12.00
# Visual Studio Version 16
VisualStudioVersion = 16.0.31624.102
MinimumVisualStudioVersion = 10.0.40219.1
Project("{9A19103F-16F7-4668-BE54-9A1E7A4F7556}") = "DanilovSoft.RadiusServer", "RadiusServer\DanilovSoft.RadiusServer.csproj", "{8BC06DAF-66F0-46DE-BE7B-ED94910FC35A}"
EndProject
Project("{9A19103F-16F7-4668-BE54-9A1E7A4F7556}") = "RadiusService", "RadiusService\RadiusService.csproj", "{6E26AC43-50CE-40C6-B03F-8E254D625D19}"
EndProject
Global
	GlobalSection(SolutionConfigurationPlatforms) = preSolution
		Debug|Any CPU = Debug|Any CPU
		Release|Any CPU = Release|Any CPU
	EndGlobalSection
	GlobalSection(ProjectConfigurationPlatforms) = postSolution
		{8BC06DAF-66F0-46DE-BE7B-ED94910FC35A}.Debug|Any CPU.ActiveCfg = Debug|Any CPU
		{8BC06DAF-66F0-46DE-BE7B-ED94910FC35A}.Debug|Any CPU.Build.0 = Debug|Any CPU
		{8BC06DAF-66F0-46DE-BE7B-ED94910FC35A}.Release|Any CPU.ActiveCfg = Release|Any CPU
		{8BC06DAF-66F0-46DE-BE7B-ED94910FC35A}.Release|Any CPU.Build.0 = Release|Any CPU
		{6E26AC43-50CE-40C6-B03F-8E254D625D19}.Debug|Any CPU.ActiveCfg = Debug|Any CPU
		{6E26AC43-50CE-40C6-B03F-8E254D625D19}.Debug|Any CPU.Build.0 = Debug|Any CPU
		{6E26AC43-50CE-40C6-B03F-8E254D625D19}.Release|Any CPU.ActiveCfg = Release|Any CPU
		{6E26AC43-50CE-40C6-B03F-8E254D625D19}.Release|Any CPU.Build.0 = Release|Any CPU
	EndGlobalSection
	GlobalSection(SolutionProperties) = preSolution
		HideSolutionNode = FALSE
	EndGlobalSection
	GlobalSection(ExtensibilityGlobals) = postSolution
		SolutionGuid = {C42206FD-9D99-4367-81AF-BDC7F575AAE8}
	EndGlobalSection
EndGlobal
